
Microsoft Visual Studio Solution File, Format Version 12.00
# Visual Studio Version 17
VisualStudioVersion = 17.4.33110.190
MinimumVisualStudioVersion = 10.0.40219.1
Project("{FAE04EC0-301F-11D3-BF4B-00C04F79EFBC}") = "LibraryManagementSystem", "LibraryManagementSystem\LibraryManagementSystem.csproj", "{96B75760-77D0-4711-B865-33FCC24B1FDE}"
EndProject
Global
	GlobalSection(SolutionConfigurationPlatforms) = preSolution
		Debug|Any CPU = Debug|Any CPU
		Release|Any CPU = Release|Any CPU
	EndGlobalSection
	GlobalSection(ProjectConfigurationPlatforms) = postSolution
		{96B75760-77D0-4711-B865-33FCC24B1FDE}.Debug|Any CPU.ActiveCfg = Debug|Any CPU
		{96B75760-77D0-4711-B865-33FCC24B1FDE}.Debug|Any CPU.Build.0 = Debug|Any CPU
		{96B75760-77D0-4711-B865-33FCC24B1FDE}.Release|Any CPU.ActiveCfg = Release|Any CPU
		{96B75760-77D0-4711-B865-33FCC24B1FDE}.Release|Any CPU.Build.0 = Release|Any CPU
	EndGlobalSection
	GlobalSection(SolutionProperties) = preSolution
		HideSolutionNode = FALSE
	EndGlobalSection
	GlobalSection(ExtensibilityGlobals) = postSolution
		SolutionGuid = {00CC1DD9-0633-491B-A1D0-8889588D4535}
	EndGlobalSection
EndGlobal
